
Microsoft Visual Studio Solution File, Format Version 12.00
# Visual Studio Version 17
VisualStudioVersion = 17.13.35825.156
MinimumVisualStudioVersion = 10.0.40219.1
Project("{FAE04EC0-301F-11D3-BF4B-00C04F79EFBC}") = "Clube_Uniao_Desportiva_Atalaiense", "Clube_Uniao_Desportiva_Atalaiense\Clube_Uniao_Desportiva_Atalaiense.csproj", "{F238A92B-87DA-4E7A-8750-0091F197B8C6}"
EndProject
Global
	GlobalSection(SolutionConfigurationPlatforms) = preSolution
		Debug|Any CPU = Debug|Any CPU
		Release|Any CPU = Release|Any CPU
	EndGlobalSection
	GlobalSection(ProjectConfigurationPlatforms) = postSolution
		{F238A92B-87DA-4E7A-8750-0091F197B8C6}.Debug|Any CPU.ActiveCfg = Debug|Any CPU
		{F238A92B-87DA-4E7A-8750-0091F197B8C6}.Debug|Any CPU.Build.0 = Debug|Any CPU
		{F238A92B-87DA-4E7A-8750-0091F197B8C6}.Release|Any CPU.ActiveCfg = Release|Any CPU
		{F238A92B-87DA-4E7A-8750-0091F197B8C6}.Release|Any CPU.Build.0 = Release|Any CPU
	EndGlobalSection
	GlobalSection(SolutionProperties) = preSolution
		HideSolutionNode = FALSE
	EndGlobalSection
	GlobalSection(ExtensibilityGlobals) = postSolution
		SolutionGuid = {B67B1760-2A73-48E3-8353-4E006638ED87}
	EndGlobalSection
EndGlobal
